
Microsoft Visual Studio Solution File, Format Version 12.00
# Visual Studio Version 17
VisualStudioVersion = 17.13.35825.156
MinimumVisualStudioVersion = 10.0.40219.1
Project("{E24C65DC-7377-472B-9ABA-BC803B73C61A}") = "evilbaschdi.github.io", "http://localhost:50934", "{542085A1-5652-49C1-84DE-7E15E8C8F2E9}"
	ProjectSection(WebsiteProperties) = preProject
		UseIISExpress = "true"
		TargetFrameworkMoniker = ".NETFramework,Version%3Dv4.7.1"
		Debug.AspNetCompiler.VirtualPath = "/localhost_50934"
		Debug.AspNetCompiler.PhysicalPath = "..\evilbaschdi.github.io\"
		Debug.AspNetCompiler.TargetPath = "PrecompiledWeb\localhost_50934\"
		Debug.AspNetCompiler.Updateable = "true"
		Debug.AspNetCompiler.ForceOverwrite = "true"
		Debug.AspNetCompiler.FixedNames = "false"
		Debug.AspNetCompiler.Debug = "True"
		Release.AspNetCompiler.VirtualPath = "/localhost_50934"
		Release.AspNetCompiler.PhysicalPath = "..\evilbaschdi.github.io\"
		Release.AspNetCompiler.TargetPath = "PrecompiledWeb\localhost_50934\"
		Release.AspNetCompiler.Updateable = "true"
		Release.AspNetCompiler.ForceOverwrite = "true"
		Release.AspNetCompiler.FixedNames = "false"
		Release.AspNetCompiler.Debug = "False"
		SlnRelativePath = "..\evilbaschdi.github.io\"
	EndProjectSection
EndProject
Global
	GlobalSection(SolutionConfigurationPlatforms) = preSolution
		Debug|Any CPU = Debug|Any CPU
	EndGlobalSection
	GlobalSection(ProjectConfigurationPlatforms) = postSolution
		{542085A1-5652-49C1-84DE-7E15E8C8F2E9}.Debug|Any CPU.ActiveCfg = Debug|Any CPU
		{542085A1-5652-49C1-84DE-7E15E8C8F2E9}.Debug|Any CPU.Build.0 = Debug|Any CPU
	EndGlobalSection
	GlobalSection(SolutionProperties) = preSolution
		HideSolutionNode = FALSE
	EndGlobalSection
	GlobalSection(ExtensibilityGlobals) = postSolution
		SolutionGuid = {F45FA053-0356-41D9-8F87-104BAE4CAF6B}
	EndGlobalSection
EndGlobal
